PODS:
  - Alamofire (4.5.0)
  - IQKeyboardManager (4.0.13)
  - Kingfisher (3.12.1)
  - PKHUD (4.2.3)
  - SwiftyJSON (3.1.4)

DEPENDENCIES:
  - Alamofire (~> 4.5)
  - IQKeyboardManager (~> 4.0)
  - Kingfisher (~> 3.12)
  - PKHUD (~> 4.2)
  - SwiftyJSON (~> 3.1)

SPEC CHECKSUMS:
  Alamofire: f28cdffd29de33a7bfa022cbd63ae95a27fae140
  IQKeyboardManager: 8eab4d8111418414619d1df8e4779ce5d0f8d7e2
  Kingfisher: 7e87498c3b795c2b8f6430fd5853ae5b5548ff9c
  PKHUD: c7692163a09875cbf15827dc581df3c5cf7f1015
  SwiftyJSON: c2842d878f95482ffceec5709abc3d05680c0220

PODFILE CHECKSUM: c192b8ff00cf59b08dc36d2ca1dab4cf920bd3cd

COCOAPODS: 1.3.1
